// !$*UTF8*$!
{
	archiveVersion = 1;
	classes = {
	};
	objectVersion = 77;
	objects = {

/* Begin PBXContainerItemProxy section */
		F11CDC312D77958B007BC1F1 /* PBXContainerItemProxy */ = {
			isa = PBXContainerItemProxy;
			containerPortal = F11CDC182D77958A007BC1F1 /* Project object */;
			proxyType = 1;
			remoteGlobalIDString = F11CDC1F2D77958A007BC1F1;
			remoteInfo = "Gatherly-SwiftUI";
		};
		F11CDC3B2D77958B007BC1F1 /* PBXContainerItemProxy */ = {
			isa = PBXContainerItemProxy;
			containerPortal = F11CDC182D77958A007BC1F1 /* Project object */;
			proxyType = 1;
			remoteGlobalIDString = F11CDC1F2D77958A007BC1F1;
			remoteInfo = "Gatherly-SwiftUI";
		};
/* End PBXContainerItemProxy section */

/* Begin PBXFileReference section */
		F11CDC202D77958A007BC1F1 /* Gatherly-SwiftUI.app */ = {isa = PBXFileReference; explicitFileType = wrapper.application; includeInIndex = 0; path = "Gatherly-SwiftUI.app"; sourceTree = BUILT_PRODUCTS_DIR; };
		F11CDC302D77958B007BC1F1 /* Gatherly-SwiftUITests.xctest */ = {isa = PBXFileReference; explicitFileType = wrapper.cfbundle; includeInIndex = 0; path = "Gatherly-SwiftUITests.xctest"; sourceTree = BUILT_PRODUCTS_DIR; };
		F11CDC3A2D77958B007BC1F1 /* Gatherly-SwiftUIUITests.xctest */ = {isa = PBXFileReference; explicitFileType = wrapper.cfbundle; includeInIndex = 0; path = "Gatherly-SwiftUIUITests.xctest"; sourceTree = BUILT_PRODUCTS_DIR; };
/* End PBXFileReference section */

/* Begin PBXFileSystemSynchronizedBuildFileExceptionSet section */
		F11CDC642D779DC7007BC1F1 /* Exceptions for "Gatherly-SwiftUI" folder in "Gatherly-SwiftUITests" target */ = {
			isa = PBXFileSystemSynchronizedBuildFileExceptionSet;
			membershipExceptions = (
				Helpers/Date/DateUtilsTests.swift,
				Model/Event/EventTests.swift,
				Model/Message/MessageTests.swift,
				Model/User/UserTests.swift,
				ViewModel/CreateEvent/CreateEventViewModelTests.swift,
				ViewModel/EditEvent/EditEventViewModelTests.swift,
			);
			target = F11CDC2F2D77958B007BC1F1 /* Gatherly-SwiftUITests */;
		};
		F11CDC652D779DE7007BC1F1 /* Exceptions for "Gatherly-SwiftUI" folder in "Gatherly-SwiftUI" target */ = {
			isa = PBXFileSystemSynchronizedBuildFileExceptionSet;
			membershipExceptions = (
				Helpers/Date/DateUtilsTests.swift,
				Model/Event/EventTests.swift,
				Model/Message/MessageTests.swift,
				Model/User/UserTests.swift,
				ViewModel/CreateEvent/CreateEventViewModelTests.swift,
				ViewModel/EditEvent/EditEventViewModelTests.swift,
			);
			target = F11CDC1F2D77958A007BC1F1 /* Gatherly-SwiftUI */;
		};
/* End PBXFileSystemSynchronizedBuildFileExceptionSet section */

/* Begin PBXFileSystemSynchronizedRootGroup section */
		F11CDC222D77958A007BC1F1 /* Gatherly-SwiftUI */ = {
			isa = PBXFileSystemSynchronizedRootGroup;
			exceptions = (
				F11CDC652D779DE7007BC1F1 /* Exceptions for "Gatherly-SwiftUI" folder in "Gatherly-SwiftUI" target */,
				F11CDC642D779DC7007BC1F1 /* Exceptions for "Gatherly-SwiftUI" folder in "Gatherly-SwiftUITests" target */,
			);
			path = "Gatherly-SwiftUI";
			sourceTree = "<group>";
		};
		F11CDC332D77958B007BC1F1 /* Gatherly-SwiftUITests */ = {
			isa = PBXFileSystemSynchronizedRootGroup;
			path = "Gatherly-SwiftUITests";
			sourceTree = "<group>";
		};
		F11CDC3D2D77958B007BC1F1 /* Gatherly-SwiftUIUITests */ = {
			isa = PBXFileSystemSynchronizedRootGroup;
			path = "Gatherly-SwiftUIUITests";
			sourceTree = "<group>";
		};
/* End PBXFileSystemSynchronizedRootGroup section */

/* Begin PBXFrameworksBuildPhase section */
		F11CDC1D2D77958A007BC1F1 /* Frameworks */ = {
			isa = PBXFrameworksBuildPhase;
			buildActionMask = 2147483647;
			files = (
			);
			runOnlyForDeploymentPostprocessing = 0;
		};
		F11CDC2D2D77958B007BC1F1 /* Frameworks */ = {
			isa = PBXFrameworksBuildPhase;
			buildActionMask = 2147483647;
			files = (
			);
			runOnlyForDeploymentPostprocessing = 0;
		};
		F11CDC372D77958B007BC1F1 /* Frameworks */ = {
			isa = PBXFrameworksBuildPhase;
			buildActionMask = 2147483647;
			files = (
			);
			runOnlyForDeploymentPostprocessing = 0;
		};
/* End PBXFrameworksBuildPhase section */

/* Begin PBXGroup section */
		F11CDC172D77958A007BC1F1 = {
			isa = PBXGroup;
			children = (
				F11CDC222D77958A007BC1F1 /* Gatherly-SwiftUI */,
				F11CDC332D77958B007BC1F1 /* Gatherly-SwiftUITests */,
				F11CDC3D2D77958B007BC1F1 /* Gatherly-SwiftUIUITests */,
				F11CDC212D77958A007BC1F1 /* Products */,
			);
			sourceTree = "<group>";
		};
		F11CDC212D77958A007BC1F1 /* Products */ = {
			isa = PBXGroup;
			children = (
				F11CDC202D77958A007BC1F1 /* Gatherly-SwiftUI.app */,
				F11CDC302D77958B007BC1F1 /* Gatherly-SwiftUITests.xctest */,
				F11CDC3A2D77958B007BC1F1 /* Gatherly-SwiftUIUITests.xctest */,
			);
			name = Products;
			sourceTree = "<group>";
		};
/* End PBXGroup section */

/* Begin PBXNativeTarget section */
		F11CDC1F2D77958A007BC1F1 /* Gatherly-SwiftUI */ = {
			isa = PBXNativeTarget;
			buildConfigurationList = F11CDC442D77958B007BC1F1 /* Build configuration list for PBXNativeTarget "Gatherly-SwiftUI" */;
			buildPhases = (
				F11CDC1C2D77958A007BC1F1 /* Sources */,
				F11CDC1D2D77958A007BC1F1 /* Frameworks */,
				F11CDC1E2D77958A007BC1F1 /* Resources */,
			);
			buildRules = (
			);
			dependencies = (
			);
			fileSystemSynchronizedGroups = (
				F11CDC222D77958A007BC1F1 /* Gatherly-SwiftUI */,
			);
			name = "Gatherly-SwiftUI";
			packageProductDependencies = (
			);
			productName = "Gatherly-SwiftUI";
			productReference = F11CDC202D77958A007BC1F1 /* Gatherly-SwiftUI.app */;
			productType = "com.apple.product-type.application";
		};
		F11CDC2F2D77958B007BC1F1 /* Gatherly-SwiftUITests */ = {
			isa = PBXNativeTarget;
			buildConfigurationList = F11CDC472D77958B007BC1F1 /* Build configuration list for PBXNativeTarget "Gatherly-SwiftUITests" */;
			buildPhases = (
				F11CDC2C2D77958B007BC1F1 /* Sources */,
				F11CDC2D2D77958B007BC1F1 /* Frameworks */,
				F11CDC2E2D77958B007BC1F1 /* Resources */,
			);
			buildRules = (
			);
			dependencies = (
				F11CDC322D77958B007BC1F1 /* PBXTargetDependency */,
			);
			fileSystemSynchronizedGroups = (
				F11CDC332D77958B007BC1F1 /* Gatherly-SwiftUITests */,
			);
			name = "Gatherly-SwiftUITests";
			packageProductDependencies = (
			);
			productName = "Gatherly-SwiftUITests";
			productReference = F11CDC302D77958B007BC1F1 /* Gatherly-SwiftUITests.xctest */;
			productType = "com.apple.product-type.bundle.unit-test";
		};
		F11CDC392D77958B007BC1F1 /* Gatherly-SwiftUIUITests */ = {
			isa = PBXNativeTarget;
			buildConfigurationList = F11CDC4A2D77958B007BC1F1 /* Build configuration list for PBXNativeTarget "Gatherly-SwiftUIUITests" */;
			buildPhases = (
				F11CDC362D77958B007BC1F1 /* Sources */,
				F11CDC372D77958B007BC1F1 /* Frameworks */,
				F11CDC382D77958B007BC1F1 /* Resources */,
			);
			buildRules = (
			);
			dependencies = (
				F11CDC3C2D77958B007BC1F1 /* PBXTargetDependency */,
			);
			fileSystemSynchronizedGroups = (
				F11CDC3D2D77958B007BC1F1 /* Gatherly-SwiftUIUITests */,
			);
			name = "Gatherly-SwiftUIUITests";
			packageProductDependencies = (
			);
			productName = "Gatherly-SwiftUIUITests";
			productReference = F11CDC3A2D77958B007BC1F1 /* Gatherly-SwiftUIUITests.xctest */;
			productType = "com.apple.product-type.bundle.ui-testing";
		};
/* End PBXNativeTarget section */

/* Begin PBXProject section */
		F11CDC182D77958A007BC1F1 /* Project object */ = {
			isa = PBXProject;
			attributes = {
				BuildIndependentTargetsInParallel = 1;
				LastSwiftUpdateCheck = 1620;
				LastUpgradeCheck = 1620;
				TargetAttributes = {
					F11CDC1F2D77958A007BC1F1 = {
						CreatedOnToolsVersion = 16.2;
					};
					F11CDC2F2D77958B007BC1F1 = {
						CreatedOnToolsVersion = 16.2;
						TestTargetID = F11CDC1F2D77958A007BC1F1;
					};
					F11CDC392D77958B007BC1F1 = {
						CreatedOnToolsVersion = 16.2;
						TestTargetID = F11CDC1F2D77958A007BC1F1;
					};
				};
			};
			buildConfigurationList = F11CDC1B2D77958A007BC1F1 /* Build configuration list for PBXProject "Gatherly-SwiftUI" */;
			developmentRegion = en;
			hasScannedForEncodings = 0;
			knownRegions = (
				en,
				Base,
			);
			mainGroup = F11CDC172D77958A007BC1F1;
			minimizedProjectReferenceProxies = 1;
			preferredProjectObjectVersion = 77;
			productRefGroup = F11CDC212D77958A007BC1F1 /* Products */;
			projectDirPath = "";
			projectRoot = "";
			targets = (
				F11CDC1F2D77958A007BC1F1 /* Gatherly-SwiftUI */,
				F11CDC2F2D77958B007BC1F1 /* Gatherly-SwiftUITests */,
				F11CDC392D77958B007BC1F1 /* Gatherly-SwiftUIUITests */,
			);
		};
/* End PBXProject section */

/* Begin PBXResourcesBuildPhase section */
		F11CDC1E2D77958A007BC1F1 /* Resources */ = {
			isa = PBXResourcesBuildPhase;
			buildActionMask = 2147483647;
			files = (
			);
			runOnlyForDeploymentPostprocessing = 0;
		};
		F11CDC2E2D77958B007BC1F1 /* Resources */ = {
			isa = PBXResourcesBuildPhase;
			buildActionMask = 2147483647;
			files = (
			);
			runOnlyForDeploymentPostprocessing = 0;
		};
		F11CDC382D77958B007BC1F1 /* Resources */ = {
			isa = PBXResourcesBuildPhase;
			buildActionMask = 2147483647;
			files = (
			);
			runOnlyForDeploymentPostprocessing = 0;
		};
/* End PBXResourcesBuildPhase section */

/* Begin PBXSourcesBuildPhase section */
		F11CDC1C2D77958A007BC1F1 /* Sources */ = {
			isa = PBXSourcesBuildPhase;
			buildActionMask = 2147483647;
			files = (
			);
			runOnlyForDeploymentPostprocessing = 0;
		};
		F11CDC2C2D77958B007BC1F1 /* Sources */ = {
			isa = PBXSourcesBuildPhase;
			buildActionMask = 2147483647;
			files = (
			);
			runOnlyForDeploymentPostprocessing = 0;
		};
		F11CDC362D77958B007BC1F1 /* Sources */ = {
			isa = PBXSourcesBuildPhase;
			buildActionMask = 2147483647;
			files = (
			);
			runOnlyForDeploymentPostprocessing = 0;
		};
/* End PBXSourcesBuildPhase section */

/* Begin PBXTargetDependency section */
		F11CDC322D77958B007BC1F1 /* PBXTargetDependency */ = {
			isa = PBXTargetDependency;
			target = F11CDC1F2D77958A007BC1F1 /* Gatherly-SwiftUI */;
			targetProxy = F11CDC312D77958B007BC1F1 /* PBXContainerItemProxy */;
		};
		F11CDC3C2D77958B007BC1F1 /* PBXTargetDependency */ = {
			isa = PBXTargetDependency;
			target = F11CDC1F2D77958A007BC1F1 /* Gatherly-SwiftUI */;
			targetProxy = F11CDC3B2D77958B007BC1F1 /* PBXContainerItemProxy */;
		};
/* End PBXTargetDependency section */

/* Begin XCBuildConfiguration section */
		F11CDC422D77958B007BC1F1 /* Debug */ = {
			isa = XCBuildConfiguration;
			buildSettings = {
				ALWAYS_SEARCH_USER_PATHS = NO;
				ASSETCATALOG_COMPILER_GENERATE_SWIFT_ASSET_SYMBOL_EXTENSIONS = YES;
				CLANG_ANALYZER_NONNULL = YES;
				CLANG_ANALYZER_NUMBER_OBJECT_CONVERSION = YES_AGGRESSIVE;
				CLANG_CXX_LANGUAGE_STANDARD = "gnu++20";
				CLANG_ENABLE_MODULES = YES;
				CLANG_ENABLE_OBJC_ARC = YES;
				CLANG_ENABLE_OBJC_WEAK = YES;
				CLANG_WARN_BLOCK_CAPTURE_AUTORELEASING = YES;
				CLANG_WARN_BOOL_CONVERSION = YES;
				CLANG_WARN_COMMA = YES;
				CLANG_WARN_CONSTANT_CONVERSION = YES;
				CLANG_WARN_DEPRECATED_OBJC_IMPLEMENTATIONS = YES;
				CLANG_WARN_DIRECT_OBJC_ISA_USAGE = YES_ERROR;
				CLANG_WARN_DOCUMENTATION_COMMENTS = YES;
				CLANG_WARN_EMPTY_BODY = YES;
				CLANG_WARN_ENUM_CONVERSION = YES;
				CLANG_WARN_INFINITE_RECURSION = YES;
				CLANG_WARN_INT_CONVERSION = YES;
				CLANG_WARN_NON_LITERAL_NULL_CONVERSION = YES;
				CLANG_WARN_OBJC_IMPLICIT_RETAIN_SELF = YES;
				CLANG_WARN_OBJC_LITERAL_CONVERSION = YES;
				CLANG_WARN_OBJC_ROOT_CLASS = YES_ERROR;
				CLANG_WARN_QUOTED_INCLUDE_IN_FRAMEWORK_HEADER = YES;
				CLANG_WARN_RANGE_LOOP_ANALYSIS = YES;
				CLANG_WARN_STRICT_PROTOTYPES = YES;
				CLANG_WARN_SUSPICIOUS_MOVE = YES;
				CLANG_WARN_UNGUARDED_AVAILABILITY = YES_AGGRESSIVE;
				CLANG_WARN_UNREACHABLE_CODE = YES;
				CLANG_WARN__DUPLICATE_METHOD_MATCH = YES;
				COPY_PHASE_STRIP = NO;
				DEBUG_INFORMATION_FORMAT = dwarf;
				ENABLE_STRICT_OBJC_MSGSEND = YES;
				ENABLE_TESTABILITY = YES;
				ENABLE_USER_SCRIPT_SANDBOXING = YES;
				GCC_C_LANGUAGE_STANDARD = gnu17;
				GCC_DYNAMIC_NO_PIC = NO;
				GCC_NO_COMMON_BLOCKS = YES;
				GCC_OPTIMIZATION_LEVEL = 0;
				GCC_PREPROCESSOR_DEFINITIONS = (
					"DEBUG=1",
					"$(inherited)",
				);
				GCC_WARN_64_TO_32_BIT_CONVERSION = YES;
				GCC_WARN_ABOUT_RETURN_TYPE = YES_ERROR;
				GCC_WARN_UNDECLARED_SELECTOR = YES;
				GCC_WARN_UNINITIALIZED_AUTOS = YES_AGGRESSIVE;
				GCC_WARN_UNUSED_FUNCTION = YES;
				GCC_WARN_UNUSED_VARIABLE = YES;
				IPHONEOS_DEPLOYMENT_TARGET = 18.2;
				LOCALIZATION_PREFERS_STRING_CATALOGS = YES;
				MTL_ENABLE_DEBUG_INFO = INCLUDE_SOURCE;
				MTL_FAST_MATH = YES;
				ONLY_ACTIVE_ARCH = YES;
				SDKROOT = iphoneos;
				SWIFT_ACTIVE_COMPILATION_CONDITIONS = "DEBUG $(inherited)";
				SWIFT_OPTIMIZATION_LEVEL = "-Onone";
			};
			name = Debug;
		};
		F11CDC432D77958B007BC1F1 /* Release */ = {
			isa = XCBuildConfiguration;
			buildSettings = {
				ALWAYS_SEARCH_USER_PATHS = NO;
				ASSETCATALOG_COMPILER_GENERATE_SWIFT_ASSET_SYMBOL_EXTENSIONS = YES;
				CLANG_ANALYZER_NONNULL = YES;
				CLANG_ANALYZER_NUMBER_OBJECT_CONVERSION = YES_AGGRESSIVE;
				CLANG_CXX_LANGUAGE_STANDARD = "gnu++20";
				CLANG_ENABLE_MODULES = YES;
				CLANG_ENABLE_OBJC_ARC = YES;
				CLANG_ENABLE_OBJC_WEAK = YES;
				CLANG_WARN_BLOCK_CAPTURE_AUTORELEASING = YES;
				CLANG_WARN_BOOL_CONVERSION = YES;
				CLANG_WARN_COMMA = YES;
				CLANG_WARN_CONSTANT_CONVERSION = YES;
				CLANG_WARN_DEPRECATED_OBJC_IMPLEMENTATIONS = YES;
				CLANG_WARN_DIRECT_OBJC_ISA_USAGE = YES_ERROR;
				CLANG_WARN_DOCUMENTATION_COMMENTS = YES;
				CLANG_WARN_EMPTY_BODY = YES;
				CLANG_WARN_ENUM_CONVERSION = YES;
				CLANG_WARN_INFINITE_RECURSION = YES;
				CLANG_WARN_INT_CONVERSION = YES;
				CLANG_WARN_NON_LITERAL_NULL_CONVERSION = YES;
				CLANG_WARN_OBJC_IMPLICIT_RETAIN_SELF = YES;
				CLANG_WARN_OBJC_LITERAL_CONVERSION = YES;
				CLANG_WARN_OBJC_ROOT_CLASS = YES_ERROR;
				CLANG_WARN_QUOTED_INCLUDE_IN_FRAMEWORK_HEADER = YES;
				CLANG_WARN_RANGE_LOOP_ANALYSIS = YES;
				CLANG_WARN_STRICT_PROTOTYPES = YES;
				CLANG_WARN_SUSPICIOUS_MOVE = YES;
				CLANG_WARN_UNGUARDED_AVAILABILITY = YES_AGGRESSIVE;
				CLANG_WARN_UNREACHABLE_CODE = YES;
				CLANG_WARN__DUPLICATE_METHOD_MATCH = YES;
				COPY_PHASE_STRIP = NO;
				DEBUG_INFORMATION_FORMAT = "dwarf-with-dsym";
				ENABLE_NS_ASSERTIONS = NO;
				ENABLE_STRICT_OBJC_MSGSEND = YES;
				ENABLE_USER_SCRIPT_SANDBOXING = YES;
				GCC_C_LANGUAGE_STANDARD = gnu17;
				GCC_NO_COMMON_BLOCKS = YES;
				GCC_WARN_64_TO_32_BIT_CONVERSION = YES;
				GCC_WARN_ABOUT_RETURN_TYPE = YES_ERROR;
				GCC_WARN_UNDECLARED_SELECTOR = YES;
				GCC_WARN_UNINITIALIZED_AUTOS = YES_AGGRESSIVE;
				GCC_WARN_UNUSED_FUNCTION = YES;
				GCC_WARN_UNUSED_VARIABLE = YES;
				IPHONEOS_DEPLOYMENT_TARGET = 18.2;
				LOCALIZATION_PREFERS_STRING_CATALOGS = YES;
				MTL_ENABLE_DEBUG_INFO = NO;
				MTL_FAST_MATH = YES;
				SDKROOT = iphoneos;
				SWIFT_COMPILATION_MODE = wholemodule;
				VALIDATE_PRODUCT = YES;
			};
			name = Release;
		};
		F11CDC452D77958B007BC1F1 /* Debug */ = {
			isa = XCBuildConfiguration;
			buildSettings = {
				ASSETCATALOG_COMPILER_APPICON_NAME = AppIcon;
				ASSETCATALOG_COMPILER_GLOBAL_ACCENT_COLOR_NAME = AccentColor;
				CODE_SIGN_STYLE = Automatic;
				CURRENT_PROJECT_VERSION = 1;
				DEVELOPMENT_ASSET_PATHS = "\"Gatherly-SwiftUI/Preview Content\"";
				DEVELOPMENT_TEAM = J64YFP55UZ;
				ENABLE_PREVIEWS = YES;
				GENERATE_INFOPLIST_FILE = YES;
				INFOPLIST_KEY_UIApplicationSceneManifest_Generation = YES;
				INFOPLIST_KEY_UIApplicationSupportsIndirectInputEvents = YES;
				INFOPLIST_KEY_UILaunchScreen_Generation = YES;
				INFOPLIST_KEY_UISupportedInterfaceOrientations_iPad = "UIInterfaceOrientationPortrait UIInterfaceOrientationPortraitUpsideDown UIInterfaceOrientationLandscapeLeft UIInterfaceOrientationLandscapeRight";
				INFOPLIST_KEY_UISupportedInterfaceOrientations_iPhone = "UIInterfaceOrientationPortrait UIInterfaceOrientationLandscapeLeft UIInterfaceOrientationLandscapeRight";
				IPHONEOS_DEPLOYMENT_TARGET = 18.0;
				LD_RUNPATH_SEARCH_PATHS = (
					"$(inherited)",
					"@executable_path/Frameworks",
				);
				MARKETING_VERSION = 1.0;
				PRODUCT_BUNDLE_IDENTIFIER = "com.samialhamad.Gatherly-SwiftUI";
				PRODUCT_NAME = "$(TARGET_NAME)";
				SWIFT_EMIT_LOC_STRINGS = YES;
				SWIFT_VERSION = 5.0;
				TARGETED_DEVICE_FAMILY = "1,2";
			};
			name = Debug;
		};
		F11CDC462D77958B007BC1F1 /* Release */ = {
			isa = XCBuildConfiguration;
			buildSettings = {
				ASSETCATALOG_COMPILER_APPICON_NAME = AppIcon;
				ASSETCATALOG_COMPILER_GLOBAL_ACCENT_COLOR_NAME = AccentColor;
				CODE_SIGN_STYLE = Automatic;
				CURRENT_PROJECT_VERSION = 1;
				DEVELOPMENT_ASSET_PATHS = "\"Gatherly-SwiftUI/Preview Content\"";
				DEVELOPMENT_TEAM = J64YFP55UZ;
				ENABLE_PREVIEWS = YES;
				GENERATE_INFOPLIST_FILE = YES;
				INFOPLIST_KEY_UIApplicationSceneManifest_Generation = YES;
				INFOPLIST_KEY_UIApplicationSupportsIndirectInputEvents = YES;
				INFOPLIST_KEY_UILaunchScreen_Generation = YES;
				INFOPLIST_KEY_UISupportedInterfaceOrientations_iPad = "UIInterfaceOrientationPortrait UIInterfaceOrientationPortraitUpsideDown UIInterfaceOrientationLandscapeLeft UIInterfaceOrientationLandscapeRight";
				INFOPLIST_KEY_UISupportedInterfaceOrientations_iPhone = "UIInterfaceOrientationPortrait UIInterfaceOrientationLandscapeLeft UIInterfaceOrientationLandscapeRight";
				IPHONEOS_DEPLOYMENT_TARGET = 18.0;
				LD_RUNPATH_SEARCH_PATHS = (
					"$(inherited)",
					"@executable_path/Frameworks",
				);
				MARKETING_VERSION = 1.0;
				PRODUCT_BUNDLE_IDENTIFIER = "com.samialhamad.Gatherly-SwiftUI";
				PRODUCT_NAME = "$(TARGET_NAME)";
				SWIFT_EMIT_LOC_STRINGS = YES;
				SWIFT_VERSION = 5.0;
				TARGETED_DEVICE_FAMILY = "1,2";
			};
			name = Release;
		};
		F11CDC482D77958B007BC1F1 /* Debug */ = {
			isa = XCBuildConfiguration;
			buildSettings = {
				BUNDLE_LOADER = "$(TEST_HOST)";
				CODE_SIGN_STYLE = Automatic;
				CURRENT_PROJECT_VERSION = 1;
				DEVELOPMENT_TEAM = J64YFP55UZ;
				GENERATE_INFOPLIST_FILE = YES;
				IPHONEOS_DEPLOYMENT_TARGET = 18.2;
				MARKETING_VERSION = 1.0;
				PRODUCT_BUNDLE_IDENTIFIER = "com.samialhamad.Gatherly-SwiftUITests";
				PRODUCT_NAME = "$(TARGET_NAME)";
				SWIFT_EMIT_LOC_STRINGS = NO;
				SWIFT_VERSION = 5.0;
				TARGETED_DEVICE_FAMILY = "1,2";
				TEST_HOST = "$(BUILT_PRODUCTS_DIR)/Gatherly-SwiftUI.app/$(BUNDLE_EXECUTABLE_FOLDER_PATH)/Gatherly-SwiftUI";
			};
			name = Debug;
		};
		F11CDC492D77958B007BC1F1 /* Release */ = {
			isa = XCBuildConfiguration;
			buildSettings = {
				BUNDLE_LOADER = "$(TEST_HOST)";
				CODE_SIGN_STYLE = Automatic;
				CURRENT_PROJECT_VERSION = 1;
				DEVELOPMENT_TEAM = J64YFP55UZ;
				GENERATE_INFOPLIST_FILE = YES;
				IPHONEOS_DEPLOYMENT_TARGET = 18.2;
				MARKETING_VERSION = 1.0;
				PRODUCT_BUNDLE_IDENTIFIER = "com.samialhamad.Gatherly-SwiftUITests";
				PRODUCT_NAME = "$(TARGET_NAME)";
				SWIFT_EMIT_LOC_STRINGS = NO;
				SWIFT_VERSION = 5.0;
				TARGETED_DEVICE_FAMILY = "1,2";
				TEST_HOST = "$(BUILT_PRODUCTS_DIR)/Gatherly-SwiftUI.app/$(BUNDLE_EXECUTABLE_FOLDER_PATH)/Gatherly-SwiftUI";
			};
			name = Release;
		};
		F11CDC4B2D77958B007BC1F1 /* Debug */ = {
			isa = XCBuildConfiguration;
			buildSettings = {
				CODE_SIGN_STYLE = Automatic;
				CURRENT_PROJECT_VERSION = 1;
				DEVELOPMENT_TEAM = J64YFP55UZ;
				GENERATE_INFOPLIST_FILE = YES;
				MARKETING_VERSION = 1.0;
				PRODUCT_BUNDLE_IDENTIFIER = "com.samialhamad.Gatherly-SwiftUIUITests";
				PRODUCT_NAME = "$(TARGET_NAME)";
				SWIFT_EMIT_LOC_STRINGS = NO;
				SWIFT_VERSION = 5.0;
				TARGETED_DEVICE_FAMILY = "1,2";
				TEST_TARGET_NAME = "Gatherly-SwiftUI";
			};
			name = Debug;
		};
		F11CDC4C2D77958B007BC1F1 /* Release */ = {
			isa = XCBuildConfiguration;
			buildSettings = {
				CODE_SIGN_STYLE = Automatic;
				CURRENT_PROJECT_VERSION = 1;
				DEVELOPMENT_TEAM = J64YFP55UZ;
				GENERATE_INFOPLIST_FILE = YES;
				MARKETING_VERSION = 1.0;
				PRODUCT_BUNDLE_IDENTIFIER = "com.samialhamad.Gatherly-SwiftUIUITests";
				PRODUCT_NAME = "$(TARGET_NAME)";
				SWIFT_EMIT_LOC_STRINGS = NO;
				SWIFT_VERSION = 5.0;
				TARGETED_DEVICE_FAMILY = "1,2";
				TEST_TARGET_NAME = "Gatherly-SwiftUI";
			};
			name = Release;
		};
/* End XCBuildConfiguration section */

/* Begin XCConfigurationList section */
		F11CDC1B2D77958A007BC1F1 /* Build configuration list for PBXProject "Gatherly-SwiftUI" */ = {
			isa = XCConfigurationList;
			buildConfigurations = (
				F11CDC422D77958B007BC1F1 /* Debug */,
				F11CDC432D77958B007BC1F1 /* Release */,
			);
			defaultConfigurationIsVisible = 0;
			defaultConfigurationName = Release;
		};
		F11CDC442D77958B007BC1F1 /* Build configuration list for PBXNativeTarget "Gatherly-SwiftUI" */ = {
			isa = XCConfigurationList;
			buildConfigurations = (
				F11CDC452D77958B007BC1F1 /* Debug */,
				F11CDC462D77958B007BC1F1 /* Release */,
			);
			defaultConfigurationIsVisible = 0;
			defaultConfigurationName = Release;
		};
		F11CDC472D77958B007BC1F1 /* Build configuration list for PBXNativeTarget "Gatherly-SwiftUITests" */ = {
			isa = XCConfigurationList;
			buildConfigurations = (
				F11CDC482D77958B007BC1F1 /* Debug */,
				F11CDC492D77958B007BC1F1 /* Release */,
			);
			defaultConfigurationIsVisible = 0;
			defaultConfigurationName = Release;
		};
		F11CDC4A2D77958B007BC1F1 /* Build configuration list for PBXNativeTarget "Gatherly-SwiftUIUITests" */ = {
			isa = XCConfigurationList;
			buildConfigurations = (
				F11CDC4B2D77958B007BC1F1 /* Debug */,
				F11CDC4C2D77958B007BC1F1 /* Release */,
			);
			defaultConfigurationIsVisible = 0;
			defaultConfigurationName = Release;
		};
/* End XCConfigurationList section */
	};
	rootObject = F11CDC182D77958A007BC1F1 /* Project object */;
}
