{
  "originHash" : "e6568669654fba91f6e249698fbd3ad7de6e7a135285738d9f4df38824c4eaf5",
  "pins" : [
    {
      "identity" : "rxswift",
      "kind" : "remoteSourceControl",
      "location" : "https://github.com/ReactiveX/RxSwift",
      "state" : {
        "revision" : "5dd1907d64f0d36f158f61a466bab75067224893",
        "version" : "6.9.0"
      }
    },
    {
      "identity" : "swiftycrop",
      "kind" : "remoteSourceControl",
      "location" : "https://github.com/benedom/SwiftyCrop",
      "state" : {
        "revision" : "ef27522c4850ccc899b0f4f745bfcc3aee892dfc",
        "version" : "1.0.8"
      }
    }
  ],
  "version" : 3
}
